# THIS IS AN AUTOGENERATED FILE. DO NOT EDIT THIS FILE DIRECTLY.
# yarn lockfile v1


"@tanstack/query-core@5.90.6":
  version "5.90.6"
  resolved "https://registry.yarnpkg.com/@tanstack/query-core/-/query-core-5.90.6.tgz#e4627c442a4701adb350270dae5f6b72b2498eae"
  integrity sha512-AnZSLF26R8uX+tqb/ivdrwbVdGemdEDm1Q19qM6pry6eOZ6bEYiY7mWhzXT1YDIPTNEVcZ5kYP9nWjoxDLiIVw==

"@tanstack/react-query@^5.90.6":
  version "5.90.6"
  resolved "https://registry.yarnpkg.com/@tanstack/react-query/-/react-query-5.90.6.tgz#50f46ca81679c3fda185ea7d2c7787af78ed0364"
  integrity sha512-gB1sljYjcobZKxjPbKSa31FUTyr+ROaBdoH+wSSs9Dk+yDCmMs+TkTV3PybRRVLC7ax7q0erJ9LvRWnMktnRAw==
  dependencies:
    "@tanstack/query-core" "5.90.6"
